// !$*UTF8*$!
{
	archiveVersion = 1;
	classes = {
	};
	objectVersion = 50;
	objects = {

/* Begin PBXBuildFile section */
		65CE99D4233745EF00F993F9 /* AppDelegate.swift in Sources */ = {isa = PBXBuildFile; fileRef = 65CE99D3233745EF00F993F9 /* AppDelegate.swift */; };
		65CE99DA233745EF00F993F9 /* GameScene.swift in Sources */ = {isa = PBXBuildFile; fileRef = 65CE99D9233745EF00F993F9 /* GameScene.swift */; };
		65CE99DC233745EF00F993F9 /* GameViewController.swift in Sources */ = {isa = PBXBuildFile; fileRef = 65CE99DB233745EF00F993F9 /* GameViewController.swift */; };
		65CE99DF233745EF00F993F9 /* Main.storyboard in Resources */ = {isa = PBXBuildFile; fileRef = 65CE99DD233745EF00F993F9 /* Main.storyboard */; };
		65CE99E1233745F100F993F9 /* Assets.xcassets in Resources */ = {isa = PBXBuildFile; fileRef = 65CE99E0233745F100F993F9 /* Assets.xcassets */; };
		65CE99E4233745F100F993F9 /* LaunchScreen.storyboard in Resources */ = {isa = PBXBuildFile; fileRef = 65CE99E2233745F100F993F9 /* LaunchScreen.storyboard */; };
		65CE99EC23379EA200F993F9 /* Constants.swift in Sources */ = {isa = PBXBuildFile; fileRef = 65CE99EB23379EA200F993F9 /* Constants.swift */; };
/* End PBXBuildFile section */

/* Begin PBXFileReference section */
		65CE99D0233745EF00F993F9 /* GoGoTram.app */ = {isa = PBXFileReference; explicitFileType = wrapper.application; includeInIndex = 0; path = GoGoTram.app; sourceTree = BUILT_PRODUCTS_DIR; };
		65CE99D3233745EF00F993F9 /* AppDelegate.swift */ = {isa = PBXFileReference; lastKnownFileType = sourcecode.swift; path = AppDelegate.swift; sourceTree = "<group>"; };
		65CE99D9233745EF00F993F9 /* GameScene.swift */ = {isa = PBXFileReference; lastKnownFileType = sourcecode.swift; path = GameScene.swift; sourceTree = "<group>"; };
		65CE99DB233745EF00F993F9 /* GameViewController.swift */ = {isa = PBXFileReference; lastKnownFileType = sourcecode.swift; path = GameViewController.swift; sourceTree = "<group>"; };
		65CE99DE233745EF00F993F9 /* Base */ = {isa = PBXFileReference; lastKnownFileType = file.storyboard; name = Base; path = Base.lproj/Main.storyboard; sourceTree = "<group>"; };
		65CE99E0233745F100F993F9 /* Assets.xcassets */ = {isa = PBXFileReference; lastKnownFileType = folder.assetcatalog; path = Assets.xcassets; sourceTree = "<group>"; };
		65CE99E3233745F100F993F9 /* Base */ = {isa = PBXFileReference; lastKnownFileType = file.storyboard; name = Base; path = Base.lproj/LaunchScreen.storyboard; sourceTree = "<group>"; };
		65CE99E5233745F100F993F9 /* Info.plist */ = {isa = PBXFileReference; lastKnownFileType = text.plist.xml; path = Info.plist; sourceTree = "<group>"; };
		65CE99EB23379EA200F993F9 /* Constants.swift */ = {isa = PBXFileReference; lastKnownFileType = sourcecode.swift; path = Constants.swift; sourceTree = "<group>"; };
/* End PBXFileReference section */

/* Begin PBXFrameworksBuildPhase section */
		65CE99CD233745EF00F993F9 /* Frameworks */ = {
			isa = PBXFrameworksBuildPhase;
			buildActionMask = 2147483647;
			files = (
			);
			runOnlyForDeploymentPostprocessing = 0;
		};
/* End PBXFrameworksBuildPhase section */

/* Begin PBXGroup section */
		65CE99C7233745EF00F993F9 = {
			isa = PBXGroup;
			children = (
				65CE99D2233745EF00F993F9 /* GoGoTram */,
				65CE99D1233745EF00F993F9 /* Products */,
			);
			sourceTree = "<group>";
		};
		65CE99D1233745EF00F993F9 /* Products */ = {
			isa = PBXGroup;
			children = (
				65CE99D0233745EF00F993F9 /* GoGoTram.app */,
			);
			name = Products;
			sourceTree = "<group>";
		};
		65CE99D2233745EF00F993F9 /* GoGoTram */ = {
			isa = PBXGroup;
			children = (
				65CE99D3233745EF00F993F9 /* AppDelegate.swift */,
				65CE99D9233745EF00F993F9 /* GameScene.swift */,
				65CE99EB23379EA200F993F9 /* Constants.swift */,
				65CE99DB233745EF00F993F9 /* GameViewController.swift */,
				65CE99DD233745EF00F993F9 /* Main.storyboard */,
				65CE99E0233745F100F993F9 /* Assets.xcassets */,
				65CE99E2233745F100F993F9 /* LaunchScreen.storyboard */,
				65CE99E5233745F100F993F9 /* Info.plist */,
			);
			path = GoGoTram;
			sourceTree = "<group>";
		};
/* End PBXGroup section */

/* Begin PBXNativeTarget section */
		65CE99CF233745EF00F993F9 /* GoGoTram */ = {
			isa = PBXNativeTarget;
			buildConfigurationList = 65CE99E8233745F100F993F9 /* Build configuration list for PBXNativeTarget "GoGoTram" */;
			buildPhases = (
				65CE99CC233745EF00F993F9 /* Sources */,
				65CE99CD233745EF00F993F9 /* Frameworks */,
				65CE99CE233745EF00F993F9 /* Resources */,
			);
			buildRules = (
			);
			dependencies = (
			);
			name = GoGoTram;
			productName = GoGoTram;
			productReference = 65CE99D0233745EF00F993F9 /* GoGoTram.app */;
			productType = "com.apple.product-type.application";
		};
/* End PBXNativeTarget section */

/* Begin PBXProject section */
		65CE99C8233745EF00F993F9 /* Project object */ = {
			isa = PBXProject;
			attributes = {
				LastSwiftUpdateCheck = 1100;
				LastUpgradeCheck = 1100;
				ORGANIZATIONNAME = "Daniel Sykes-Turner";
				TargetAttributes = {
					65CE99CF233745EF00F993F9 = {
						CreatedOnToolsVersion = 11.0;
					};
				};
			};
			buildConfigurationList = 65CE99CB233745EF00F993F9 /* Build configuration list for PBXProject "GoGoTram" */;
			compatibilityVersion = "Xcode 9.3";
			developmentRegion = en;
			hasScannedForEncodings = 0;
			knownRegions = (
				en,
				Base,
			);
			mainGroup = 65CE99C7233745EF00F993F9;
			productRefGroup = 65CE99D1233745EF00F993F9 /* Products */;
			projectDirPath = "";
			projectRoot = "";
			targets = (
				65CE99CF233745EF00F993F9 /* GoGoTram */,
			);
		};
/* End PBXProject section */

/* Begin PBXResourcesBuildPhase section */
		65CE99CE233745EF00F993F9 /* Resources */ = {
			isa = PBXResourcesBuildPhase;
			buildActionMask = 2147483647;
			files = (
				65CE99DF233745EF00F993F9 /* Main.storyboard in Resources */,
				65CE99E1233745F100F993F9 /* Assets.xcassets in Resources */,
				65CE99E4233745F100F993F9 /* LaunchScreen.storyboard in Resources */,
			);
			runOnlyForDeploymentPostprocessing = 0;
		};
/* End PBXResourcesBuildPhase section */

/* Begin PBXSourcesBuildPhase section */
		65CE99CC233745EF00F993F9 /* Sources */ = {
			isa = PBXSourcesBuildPhase;
			buildActionMask = 2147483647;
			files = (
				65CE99DA233745EF00F993F9 /* GameScene.swift in Sources */,
				65CE99DC233745EF00F993F9 /* GameViewController.swift in Sources */,
				65CE99D4233745EF00F993F9 /* AppDelegate.swift in Sources */,
				65CE99EC23379EA200F993F9 /* Constants.swift in Sources */,
			);
			runOnlyForDeploymentPostprocessing = 0;
		};
/* End PBXSourcesBuildPhase section */

/* Begin PBXVariantGroup section */
		65CE99DD233745EF00F993F9 /* Main.storyboard */ = {
			isa = PBXVariantGroup;
			children = (
				65CE99DE233745EF00F993F9 /* Base */,
			);
			name = Main.storyboard;
			sourceTree = "<group>";
		};
		65CE99E2233745F100F993F9 /* LaunchScreen.storyboard */ = {
			isa = PBXVariantGroup;
			children = (
				65CE99E3233745F100F993F9 /* Base */,
			);
			name = LaunchScreen.storyboard;
			sourceTree = "<group>";
		};
/* End PBXVariantGroup section */

/* Begin XCBuildConfiguration section */
		65CE99E6233745F100F993F9 /* Debug */ = {
			isa = XCBuildConfiguration;
			buildSettings = {
				ALWAYS_SEARCH_USER_PATHS = NO;
				CLANG_ANALYZER_NONNULL = YES;
				CLANG_ANALYZER_NUMBER_OBJECT_CONVERSION = YES_AGGRESSIVE;
				CLANG_CXX_LANGUAGE_STANDARD = "gnu++14";
				CLANG_CXX_LIBRARY = "libc++";
				CLANG_ENABLE_MODULES = YES;
				CLANG_ENABLE_OBJC_ARC = YES;
				CLANG_ENABLE_OBJC_WEAK = YES;
				CLANG_WARN_BLOCK_CAPTURE_AUTORELEASING = YES;
				CLANG_WARN_BOOL_CONVERSION = YES;
				CLANG_WARN_COMMA = YES;
				CLANG_WARN_CONSTANT_CONVERSION = YES;
				CLANG_WARN_DEPRECATED_OBJC_IMPLEMENTATIONS = YES;
				CLANG_WARN_DIRECT_OBJC_ISA_USAGE = YES_ERROR;
				CLANG_WARN_DOCUMENTATION_COMMENTS = YES;
				CLANG_WARN_EMPTY_BODY = YES;
				CLANG_WARN_ENUM_CONVERSION = YES;
				CLANG_WARN_INFINITE_RECURSION = YES;
				CLANG_WARN_INT_CONVERSION = YES;
				CLANG_WARN_NON_LITERAL_NULL_CONVERSION = YES;
				CLANG_WARN_OBJC_IMPLICIT_RETAIN_SELF = YES;
				CLANG_WARN_OBJC_LITERAL_CONVERSION = YES;
				CLANG_WARN_OBJC_ROOT_CLASS = YES_ERROR;
				CLANG_WARN_RANGE_LOOP_ANALYSIS = YES;
				CLANG_WARN_STRICT_PROTOTYPES = YES;
				CLANG_WARN_SUSPICIOUS_MOVE = YES;
				CLANG_WARN_UNGUARDED_AVAILABILITY = YES_AGGRESSIVE;
				CLANG_WARN_UNREACHABLE_CODE = YES;
				CLANG_WARN__DUPLICATE_METHOD_MATCH = YES;
				COPY_PHASE_STRIP = NO;
				DEBUG_INFORMATION_FORMAT = dwarf;
				ENABLE_STRICT_OBJC_MSGSEND = YES;
				ENABLE_TESTABILITY = YES;
				GCC_C_LANGUAGE_STANDARD = gnu11;
				GCC_DYNAMIC_NO_PIC = NO;
				GCC_NO_COMMON_BLOCKS = YES;
				GCC_OPTIMIZATION_LEVEL = 0;
				GCC_PREPROCESSOR_DEFINITIONS = (
					"DEBUG=1",
					"$(inherited)",
				);
				GCC_WARN_64_TO_32_BIT_CONVERSION = YES;
				GCC_WARN_ABOUT_RETURN_TYPE = YES_ERROR;
				GCC_WARN_UNDECLARED_SELECTOR = YES;
				GCC_WARN_UNINITIALIZED_AUTOS = YES_AGGRESSIVE;
				GCC_WARN_UNUSED_FUNCTION = YES;
				GCC_WARN_UNUSED_VARIABLE = YES;
				IPHONEOS_DEPLOYMENT_TARGET = 13.0;
				MTL_ENABLE_DEBUG_INFO = INCLUDE_SOURCE;
				MTL_FAST_MATH = YES;
				ONLY_ACTIVE_ARCH = YES;
				SDKROOT = iphoneos;
				SWIFT_ACTIVE_COMPILATION_CONDITIONS = DEBUG;
				SWIFT_OPTIMIZATION_LEVEL = "-Onone";
			};
			name = Debug;
		};
		65CE99E7233745F100F993F9 /* Release */ = {
			isa = XCBuildConfiguration;
			buildSettings = {
				ALWAYS_SEARCH_USER_PATHS = NO;
				CLANG_ANALYZER_NONNULL = YES;
				CLANG_ANALYZER_NUMBER_OBJECT_CONVERSION = YES_AGGRESSIVE;
				CLANG_CXX_LANGUAGE_STANDARD = "gnu++14";
				CLANG_CXX_LIBRARY = "libc++";
				CLANG_ENABLE_MODULES = YES;
				CLANG_ENABLE_OBJC_ARC = YES;
				CLANG_ENABLE_OBJC_WEAK = YES;
				CLANG_WARN_BLOCK_CAPTURE_AUTORELEASING = YES;
				CLANG_WARN_BOOL_CONVERSION = YES;
				CLANG_WARN_COMMA = YES;
				CLANG_WARN_CONSTANT_CONVERSION = YES;
				CLANG_WARN_DEPRECATED_OBJC_IMPLEMENTATIONS = YES;
				CLANG_WARN_DIRECT_OBJC_ISA_USAGE = YES_ERROR;
				CLANG_WARN_DOCUMENTATION_COMMENTS = YES;
				CLANG_WARN_EMPTY_BODY = YES;
				CLANG_WARN_ENUM_CONVERSION = YES;
				CLANG_WARN_INFINITE_RECURSION = YES;
				CLANG_WARN_INT_CONVERSION = YES;
				CLANG_WARN_NON_LITERAL_NULL_CONVERSION = YES;
				CLANG_WARN_OBJC_IMPLICIT_RETAIN_SELF = YES;
				CLANG_WARN_OBJC_LITERAL_CONVERSION = YES;
				CLANG_WARN_OBJC_ROOT_CLASS = YES_ERROR;
				CLANG_WARN_RANGE_LOOP_ANALYSIS = YES;
				CLANG_WARN_STRICT_PROTOTYPES = YES;
				CLANG_WARN_SUSPICIOUS_MOVE = YES;
				CLANG_WARN_UNGUARDED_AVAILABILITY = YES_AGGRESSIVE;
				CLANG_WARN_UNREACHABLE_CODE = YES;
				CLANG_WARN__DUPLICATE_METHOD_MATCH = YES;
				COPY_PHASE_STRIP = NO;
				DEBUG_INFORMATION_FORMAT = "dwarf-with-dsym";
				ENABLE_NS_ASSERTIONS = NO;
				ENABLE_STRICT_OBJC_MSGSEND = YES;
				GCC_C_LANGUAGE_STANDARD = gnu11;
				GCC_NO_COMMON_BLOCKS = YES;
				GCC_WARN_64_TO_32_BIT_CONVERSION = YES;
				GCC_WARN_ABOUT_RETURN_TYPE = YES_ERROR;
				GCC_WARN_UNDECLARED_SELECTOR = YES;
				GCC_WARN_UNINITIALIZED_AUTOS = YES_AGGRESSIVE;
				GCC_WARN_UNUSED_FUNCTION = YES;
				GCC_WARN_UNUSED_VARIABLE = YES;
				IPHONEOS_DEPLOYMENT_TARGET = 13.0;
				MTL_ENABLE_DEBUG_INFO = NO;
				MTL_FAST_MATH = YES;
				SDKROOT = iphoneos;
				SWIFT_COMPILATION_MODE = wholemodule;
				SWIFT_OPTIMIZATION_LEVEL = "-O";
				VALIDATE_PRODUCT = YES;
			};
			name = Release;
		};
		65CE99E9233745F100F993F9 /* Debug */ = {
			isa = XCBuildConfiguration;
			buildSettings = {
				ASSETCATALOG_COMPILER_APPICON_NAME = AppIcon;
				CODE_SIGN_STYLE = Automatic;
				DEVELOPMENT_TEAM = MBH98PBY69;
				INFOPLIST_FILE = GoGoTram/Info.plist;
				LD_RUNPATH_SEARCH_PATHS = (
					"$(inherited)",
					"@executable_path/Frameworks",
				);
				PRODUCT_BUNDLE_IDENTIFIER = st.daniel.GoGoTram;
				PRODUCT_NAME = "$(TARGET_NAME)";
				SWIFT_VERSION = 5.0;
				TARGETED_DEVICE_FAMILY = "1,2";
			};
			name = Debug;
		};
		65CE99EA233745F100F993F9 /* Release */ = {
			isa = XCBuildConfiguration;
			buildSettings = {
				ASSETCATALOG_COMPILER_APPICON_NAME = AppIcon;
				CODE_SIGN_STYLE = Automatic;
				DEVELOPMENT_TEAM = MBH98PBY69;
				INFOPLIST_FILE = GoGoTram/Info.plist;
				LD_RUNPATH_SEARCH_PATHS = (
					"$(inherited)",
					"@executable_path/Frameworks",
				);
				PRODUCT_BUNDLE_IDENTIFIER = st.daniel.GoGoTram;
				PRODUCT_NAME = "$(TARGET_NAME)";
				SWIFT_VERSION = 5.0;
				TARGETED_DEVICE_FAMILY = "1,2";
			};
			name = Release;
		};
/* End XCBuildConfiguration section */

/* Begin XCConfigurationList section */
		65CE99CB233745EF00F993F9 /* Build configuration list for PBXProject "GoGoTram" */ = {
			isa = XCConfigurationList;
			buildConfigurations = (
				65CE99E6233745F100F993F9 /* Debug */,
				65CE99E7233745F100F993F9 /* Release */,
			);
			defaultConfigurationIsVisible = 0;
			defaultConfigurationName = Release;
		};
		65CE99E8233745F100F993F9 /* Build configuration list for PBXNativeTarget "GoGoTram" */ = {
			isa = XCConfigurationList;
			buildConfigurations = (
				65CE99E9233745F100F993F9 /* Debug */,
				65CE99EA233745F100F993F9 /* Release */,
			);
			defaultConfigurationIsVisible = 0;
			defaultConfigurationName = Release;
		};
/* End XCConfigurationList section */
	};
	rootObject = 65CE99C8233745EF00F993F9 /* Project object */;
}
